
Microsoft Visual Studio Solution File, Format Version 12.00
# Visual Studio Express 2013 for Windows Desktop
VisualStudioVersion = 12.0.31101.0
MinimumVisualStudioVersion = 10.0.40219.1
Project("{FAE04EC0-301F-11D3-BF4B-00C04F79EFBC}") = "FirstGame", "FirstGame\FirstGame.csproj", "{573655A4-E6C2-4B6A-9803-923689B24305}"
EndProject
Project("{FAE04EC0-301F-11D3-BF4B-00C04F79EFBC}") = "FirstGameContent", "FirstGameContent\FirstGameContent\FirstGameContent.csproj", "{665FBBC3-E9F4-44E4-B6ED-AA76F4F542B9}"
EndProject
Project("{96E2B04D-8817-42C6-938A-82C39BA4D311}") = "FirstGameContentContent", "FirstGameContent\FirstGameContentContent\FirstGameContentContent.contentproj", "{256BD212-5F0C-4B19-91F6-13BA1E7A134A}"
EndProject
Global
	GlobalSection(SolutionConfigurationPlatforms) = preSolution
		Android|Any CPU = Android|Any CPU
		Android|Mixed Platforms = Android|Mixed Platforms
		Android|x86 = Android|x86
		Debug|Any CPU = Debug|Any CPU
		Debug|Mixed Platforms = Debug|Mixed Platforms
		Debug|x86 = Debug|x86
		iOS|Any CPU = iOS|Any CPU
		iOS|Mixed Platforms = iOS|Mixed Platforms
		iOS|x86 = iOS|x86
		Linux|Any CPU = Linux|Any CPU
		Linux|Mixed Platforms = Linux|Mixed Platforms
		Linux|x86 = Linux|x86
		OSX|Any CPU = OSX|Any CPU
		OSX|Mixed Platforms = OSX|Mixed Platforms
		OSX|x86 = OSX|x86
		PSM|Any CPU = PSM|Any CPU
		PSM|Mixed Platforms = PSM|Mixed Platforms
		PSM|x86 = PSM|x86
		Release|Any CPU = Release|Any CPU
		Release|Mixed Platforms = Release|Mixed Platforms
		Release|x86 = Release|x86
		Windows|Any CPU = Windows|Any CPU
		Windows|Mixed Platforms = Windows|Mixed Platforms
		Windows|x86 = Windows|x86
		Windows8|Any CPU = Windows8|Any CPU
		Windows8|Mixed Platforms = Windows8|Mixed Platforms
		Windows8|x86 = Windows8|x86
	EndGlobalSection
	GlobalSection(ProjectConfigurationPlatforms) = postSolution
		{573655A4-E6C2-4B6A-9803-923689B24305}.Android|Any CPU.ActiveCfg = Release|x86
		{573655A4-E6C2-4B6A-9803-923689B24305}.Android|Mixed Platforms.ActiveCfg = Release|x86
		{573655A4-E6C2-4B6A-9803-923689B24305}.Android|Mixed Platforms.Build.0 = Release|x86
		{573655A4-E6C2-4B6A-9803-923689B24305}.Android|x86.ActiveCfg = Release|x86
		{573655A4-E6C2-4B6A-9803-923689B24305}.Android|x86.Build.0 = Release|x86
		{573655A4-E6C2-4B6A-9803-923689B24305}.Debug|Any CPU.ActiveCfg = Debug|x86
		{573655A4-E6C2-4B6A-9803-923689B24305}.Debug|Mixed Platforms.ActiveCfg = Debug|x86
		{573655A4-E6C2-4B6A-9803-923689B24305}.Debug|Mixed Platforms.Build.0 = Debug|x86
		{573655A4-E6C2-4B6A-9803-923689B24305}.Debug|x86.ActiveCfg = Debug|x86
		{573655A4-E6C2-4B6A-9803-923689B24305}.Debug|x86.Build.0 = Debug|x86
		{573655A4-E6C2-4B6A-9803-923689B24305}.iOS|Any CPU.ActiveCfg = Release|x86
		{573655A4-E6C2-4B6A-9803-923689B24305}.iOS|Mixed Platforms.ActiveCfg = Release|x86
		{573655A4-E6C2-4B6A-9803-923689B24305}.iOS|Mixed Platforms.Build.0 = Release|x86
		{573655A4-E6C2-4B6A-9803-923689B24305}.iOS|x86.ActiveCfg = Release|x86
		{573655A4-E6C2-4B6A-9803-923689B24305}.iOS|x86.Build.0 = Release|x86
		{573655A4-E6C2-4B6A-9803-923689B24305}.Linux|Any CPU.ActiveCfg = Release|x86
		{573655A4-E6C2-4B6A-9803-923689B24305}.Linux|Mixed Platforms.ActiveCfg = Release|x86
		{573655A4-E6C2-4B6A-9803-923689B24305}.Linux|Mixed Platforms.Build.0 = Release|x86
		{573655A4-E6C2-4B6A-9803-923689B24305}.Linux|x86.ActiveCfg = Release|x86
		{573655A4-E6C2-4B6A-9803-923689B24305}.Linux|x86.Build.0 = Release|x86
		{573655A4-E6C2-4B6A-9803-923689B24305}.OSX|Any CPU.ActiveCfg = Release|x86
		{573655A4-E6C2-4B6A-9803-923689B24305}.OSX|Mixed Platforms.ActiveCfg = Release|x86
		{573655A4-E6C2-4B6A-9803-923689B24305}.OSX|Mixed Platforms.Build.0 = Release|x86
		{573655A4-E6C2-4B6A-9803-923689B24305}.OSX|x86.ActiveCfg = Release|x86
		{573655A4-E6C2-4B6A-9803-923689B24305}.OSX|x86.Build.0 = Release|x86
		{573655A4-E6C2-4B6A-9803-923689B24305}.PSM|Any CPU.ActiveCfg = Release|x86
		{573655A4-E6C2-4B6A-9803-923689B24305}.PSM|Mixed Platforms.ActiveCfg = Release|x86
		{573655A4-E6C2-4B6A-9803-923689B24305}.PSM|Mixed Platforms.Build.0 = Release|x86
		{573655A4-E6C2-4B6A-9803-923689B24305}.PSM|x86.ActiveCfg = Release|x86
		{573655A4-E6C2-4B6A-9803-923689B24305}.PSM|x86.Build.0 = Release|x86
		{573655A4-E6C2-4B6A-9803-923689B24305}.Release|Any CPU.ActiveCfg = Release|x86
		{573655A4-E6C2-4B6A-9803-923689B24305}.Release|Mixed Platforms.ActiveCfg = Release|x86
		{573655A4-E6C2-4B6A-9803-923689B24305}.Release|Mixed Platforms.Build.0 = Release|x86
		{573655A4-E6C2-4B6A-9803-923689B24305}.Release|x86.ActiveCfg = Release|x86
		{573655A4-E6C2-4B6A-9803-923689B24305}.Release|x86.Build.0 = Release|x86
		{573655A4-E6C2-4B6A-9803-923689B24305}.Windows|Any CPU.ActiveCfg = Release|x86
		{573655A4-E6C2-4B6A-9803-923689B24305}.Windows|Mixed Platforms.ActiveCfg = Release|x86
		{573655A4-E6C2-4B6A-9803-923689B24305}.Windows|Mixed Platforms.Build.0 = Release|x86
		{573655A4-E6C2-4B6A-9803-923689B24305}.Windows|x86.ActiveCfg = Release|x86
		{573655A4-E6C2-4B6A-9803-923689B24305}.Windows|x86.Build.0 = Release|x86
		{573655A4-E6C2-4B6A-9803-923689B24305}.Windows8|Any CPU.ActiveCfg = Release|x86
		{573655A4-E6C2-4B6A-9803-923689B24305}.Windows8|Mixed Platforms.ActiveCfg = Release|x86
		{573655A4-E6C2-4B6A-9803-923689B24305}.Windows8|Mixed Platforms.Build.0 = Release|x86
		{573655A4-E6C2-4B6A-9803-923689B24305}.Windows8|x86.ActiveCfg = Release|x86
		{573655A4-E6C2-4B6A-9803-923689B24305}.Windows8|x86.Build.0 = Release|x86
		{665FBBC3-E9F4-44E4-B6ED-AA76F4F542B9}.Android|Any CPU.ActiveCfg = Android|Any CPU
		{665FBBC3-E9F4-44E4-B6ED-AA76F4F542B9}.Android|Any CPU.Build.0 = Android|Any CPU
		{665FBBC3-E9F4-44E4-B6ED-AA76F4F542B9}.Android|Mixed Platforms.ActiveCfg = Android|Any CPU
		{665FBBC3-E9F4-44E4-B6ED-AA76F4F542B9}.Android|Mixed Platforms.Build.0 = Android|Any CPU
		{665FBBC3-E9F4-44E4-B6ED-AA76F4F542B9}.Android|x86.ActiveCfg = Android|Any CPU
		{665FBBC3-E9F4-44E4-B6ED-AA76F4F542B9}.Debug|Any CPU.ActiveCfg = PSM|Any CPU
		{665FBBC3-E9F4-44E4-B6ED-AA76F4F542B9}.Debug|Any CPU.Build.0 = PSM|Any CPU
		{665FBBC3-E9F4-44E4-B6ED-AA76F4F542B9}.Debug|Mixed Platforms.ActiveCfg = PSM|Any CPU
		{665FBBC3-E9F4-44E4-B6ED-AA76F4F542B9}.Debug|Mixed Platforms.Build.0 = PSM|Any CPU
		{665FBBC3-E9F4-44E4-B6ED-AA76F4F542B9}.Debug|x86.ActiveCfg = PSM|Any CPU
		{665FBBC3-E9F4-44E4-B6ED-AA76F4F542B9}.iOS|Any CPU.ActiveCfg = iOS|Any CPU
		{665FBBC3-E9F4-44E4-B6ED-AA76F4F542B9}.iOS|Any CPU.Build.0 = iOS|Any CPU
		{665FBBC3-E9F4-44E4-B6ED-AA76F4F542B9}.iOS|Mixed Platforms.ActiveCfg = iOS|Any CPU
		{665FBBC3-E9F4-44E4-B6ED-AA76F4F542B9}.iOS|Mixed Platforms.Build.0 = iOS|Any CPU
		{665FBBC3-E9F4-44E4-B6ED-AA76F4F542B9}.iOS|x86.ActiveCfg = iOS|Any CPU
		{665FBBC3-E9F4-44E4-B6ED-AA76F4F542B9}.Linux|Any CPU.ActiveCfg = Linux|Any CPU
		{665FBBC3-E9F4-44E4-B6ED-AA76F4F542B9}.Linux|Any CPU.Build.0 = Linux|Any CPU
		{665FBBC3-E9F4-44E4-B6ED-AA76F4F542B9}.Linux|Mixed Platforms.ActiveCfg = Linux|Any CPU
		{665FBBC3-E9F4-44E4-B6ED-AA76F4F542B9}.Linux|Mixed Platforms.Build.0 = Linux|Any CPU
		{665FBBC3-E9F4-44E4-B6ED-AA76F4F542B9}.Linux|x86.ActiveCfg = Linux|Any CPU
		{665FBBC3-E9F4-44E4-B6ED-AA76F4F542B9}.OSX|Any CPU.ActiveCfg = OSX|Any CPU
		{665FBBC3-E9F4-44E4-B6ED-AA76F4F542B9}.OSX|Any CPU.Build.0 = OSX|Any CPU
		{665FBBC3-E9F4-44E4-B6ED-AA76F4F542B9}.OSX|Mixed Platforms.ActiveCfg = OSX|Any CPU
		{665FBBC3-E9F4-44E4-B6ED-AA76F4F542B9}.OSX|Mixed Platforms.Build.0 = OSX|Any CPU
		{665FBBC3-E9F4-44E4-B6ED-AA76F4F542B9}.OSX|x86.ActiveCfg = OSX|Any CPU
		{665FBBC3-E9F4-44E4-B6ED-AA76F4F542B9}.PSM|Any CPU.ActiveCfg = PSM|Any CPU
		{665FBBC3-E9F4-44E4-B6ED-AA76F4F542B9}.PSM|Any CPU.Build.0 = PSM|Any CPU
		{665FBBC3-E9F4-44E4-B6ED-AA76F4F542B9}.PSM|Mixed Platforms.ActiveCfg = PSM|Any CPU
		{665FBBC3-E9F4-44E4-B6ED-AA76F4F542B9}.PSM|Mixed Platforms.Build.0 = PSM|Any CPU
		{665FBBC3-E9F4-44E4-B6ED-AA76F4F542B9}.PSM|x86.ActiveCfg = PSM|Any CPU
		{665FBBC3-E9F4-44E4-B6ED-AA76F4F542B9}.Release|Any CPU.ActiveCfg = PSM|Any CPU
		{665FBBC3-E9F4-44E4-B6ED-AA76F4F542B9}.Release|Any CPU.Build.0 = PSM|Any CPU
		{665FBBC3-E9F4-44E4-B6ED-AA76F4F542B9}.Release|Mixed Platforms.ActiveCfg = PSM|Any CPU
		{665FBBC3-E9F4-44E4-B6ED-AA76F4F542B9}.Release|Mixed Platforms.Build.0 = PSM|Any CPU
		{665FBBC3-E9F4-44E4-B6ED-AA76F4F542B9}.Release|x86.ActiveCfg = PSM|Any CPU
		{665FBBC3-E9F4-44E4-B6ED-AA76F4F542B9}.Windows|Any CPU.ActiveCfg = Windows|Any CPU
		{665FBBC3-E9F4-44E4-B6ED-AA76F4F542B9}.Windows|Any CPU.Build.0 = Windows|Any CPU
		{665FBBC3-E9F4-44E4-B6ED-AA76F4F542B9}.Windows|Mixed Platforms.ActiveCfg = Windows|Any CPU
		{665FBBC3-E9F4-44E4-B6ED-AA76F4F542B9}.Windows|Mixed Platforms.Build.0 = Windows|Any CPU
		{665FBBC3-E9F4-44E4-B6ED-AA76F4F542B9}.Windows|x86.ActiveCfg = Windows|Any CPU
		{665FBBC3-E9F4-44E4-B6ED-AA76F4F542B9}.Windows8|Any CPU.ActiveCfg = Windows8|Any CPU
		{665FBBC3-E9F4-44E4-B6ED-AA76F4F542B9}.Windows8|Any CPU.Build.0 = Windows8|Any CPU
		{665FBBC3-E9F4-44E4-B6ED-AA76F4F542B9}.Windows8|Mixed Platforms.ActiveCfg = Windows8|Any CPU
		{665FBBC3-E9F4-44E4-B6ED-AA76F4F542B9}.Windows8|Mixed Platforms.Build.0 = Windows8|Any CPU
		{665FBBC3-E9F4-44E4-B6ED-AA76F4F542B9}.Windows8|x86.ActiveCfg = Windows8|Any CPU
		{256BD212-5F0C-4B19-91F6-13BA1E7A134A}.Android|Any CPU.ActiveCfg = Android|Any CPU
		{256BD212-5F0C-4B19-91F6-13BA1E7A134A}.Android|Mixed Platforms.ActiveCfg = Android|Any CPU
		{256BD212-5F0C-4B19-91F6-13BA1E7A134A}.Android|x86.ActiveCfg = Android|Any CPU
		{256BD212-5F0C-4B19-91F6-13BA1E7A134A}.Debug|Any CPU.ActiveCfg = PSM|Any CPU
		{256BD212-5F0C-4B19-91F6-13BA1E7A134A}.Debug|Mixed Platforms.ActiveCfg = PSM|Any CPU
		{256BD212-5F0C-4B19-91F6-13BA1E7A134A}.Debug|x86.ActiveCfg = PSM|Any CPU
		{256BD212-5F0C-4B19-91F6-13BA1E7A134A}.iOS|Any CPU.ActiveCfg = iOS|Any CPU
		{256BD212-5F0C-4B19-91F6-13BA1E7A134A}.iOS|Mixed Platforms.ActiveCfg = iOS|Any CPU
		{256BD212-5F0C-4B19-91F6-13BA1E7A134A}.iOS|x86.ActiveCfg = iOS|Any CPU
		{256BD212-5F0C-4B19-91F6-13BA1E7A134A}.Linux|Any CPU.ActiveCfg = Linux|Any CPU
		{256BD212-5F0C-4B19-91F6-13BA1E7A134A}.Linux|Mixed Platforms.ActiveCfg = Linux|Any CPU
		{256BD212-5F0C-4B19-91F6-13BA1E7A134A}.Linux|x86.ActiveCfg = Linux|Any CPU
		{256BD212-5F0C-4B19-91F6-13BA1E7A134A}.OSX|Any CPU.ActiveCfg = OSX|Any CPU
		{256BD212-5F0C-4B19-91F6-13BA1E7A134A}.OSX|Mixed Platforms.ActiveCfg = OSX|Any CPU
		{256BD212-5F0C-4B19-91F6-13BA1E7A134A}.OSX|x86.ActiveCfg = OSX|Any CPU
		{256BD212-5F0C-4B19-91F6-13BA1E7A134A}.PSM|Any CPU.ActiveCfg = PSM|Any CPU
		{256BD212-5F0C-4B19-91F6-13BA1E7A134A}.PSM|Mixed Platforms.ActiveCfg = PSM|Any CPU
		{256BD212-5F0C-4B19-91F6-13BA1E7A134A}.PSM|x86.ActiveCfg = PSM|Any CPU
		{256BD212-5F0C-4B19-91F6-13BA1E7A134A}.Release|Any CPU.ActiveCfg = PSM|Any CPU
		{256BD212-5F0C-4B19-91F6-13BA1E7A134A}.Release|Mixed Platforms.ActiveCfg = PSM|Any CPU
		{256BD212-5F0C-4B19-91F6-13BA1E7A134A}.Release|x86.ActiveCfg = PSM|Any CPU
		{256BD212-5F0C-4B19-91F6-13BA1E7A134A}.Windows|Any CPU.ActiveCfg = Windows|Any CPU
		{256BD212-5F0C-4B19-91F6-13BA1E7A134A}.Windows|Mixed Platforms.ActiveCfg = Windows|Any CPU
		{256BD212-5F0C-4B19-91F6-13BA1E7A134A}.Windows|x86.ActiveCfg = Windows|Any CPU
		{256BD212-5F0C-4B19-91F6-13BA1E7A134A}.Windows8|Any CPU.ActiveCfg = Windows8|Any CPU
		{256BD212-5F0C-4B19-91F6-13BA1E7A134A}.Windows8|Mixed Platforms.ActiveCfg = Windows8|Any CPU
		{256BD212-5F0C-4B19-91F6-13BA1E7A134A}.Windows8|x86.ActiveCfg = Windows8|Any CPU
	EndGlobalSection
	GlobalSection(SolutionProperties) = preSolution
		HideSolutionNode = FALSE
	EndGlobalSection
EndGlobal
